// !$*UTF8*$!
{
	archiveVersion = 1;
	classes = {
	};
	objectVersion = 56;
	objects = {

/* Begin PBXBuildFile section */
		6D4F662E2C0A883700FD242F /* SingleImageViewController.swift in Sources */ = {isa = PBXBuildFile; fileRef = 6D4F662D2C0A883700FD242F /* SingleImageViewController.swift */; };
		6D53A4532BFD14930070336D /* ProfileViewController.swift in Sources */ = {isa = PBXBuildFile; fileRef = 6D53A4522BFD14930070336D /* ProfileViewController.swift */; };
		6D5EFAA82C46EB7000B056F2 /* SplashViewController.swift in Sources */ = {isa = PBXBuildFile; fileRef = 6D5EFAA72C46EB7000B056F2 /* SplashViewController.swift */; };
		6D66CA1B2BE4051C003F054E /* AppDelegate.swift in Sources */ = {isa = PBXBuildFile; fileRef = 6D66CA1A2BE4051C003F054E /* AppDelegate.swift */; };
		6D66CA1D2BE4051C003F054E /* SceneDelegate.swift in Sources */ = {isa = PBXBuildFile; fileRef = 6D66CA1C2BE4051C003F054E /* SceneDelegate.swift */; };
		6D66CA1F2BE4051C003F054E /* ImagesListViewController.swift in Sources */ = {isa = PBXBuildFile; fileRef = 6D66CA1E2BE4051C003F054E /* ImagesListViewController.swift */; };
		6D66CA222BE4051C003F054E /* Main.storyboard in Resources */ = {isa = PBXBuildFile; fileRef = 6D66CA202BE4051C003F054E /* Main.storyboard */; };
		6D66CA242BE4051E003F054E /* Assets.xcassets in Resources */ = {isa = PBXBuildFile; fileRef = 6D66CA232BE4051E003F054E /* Assets.xcassets */; };
		6D66CA272BE4051E003F054E /* LaunchScreen.storyboard in Resources */ = {isa = PBXBuildFile; fileRef = 6D66CA252BE4051E003F054E /* LaunchScreen.storyboard */; };
		6D84671A2C371B3C00C25882 /* AuthViewController.swift in Sources */ = {isa = PBXBuildFile; fileRef = 6D8467192C371B3C00C25882 /* AuthViewController.swift */; };
		6D84671C2C372A6F00C25882 /* WebViewViewController.swift in Sources */ = {isa = PBXBuildFile; fileRef = 6D84671B2C372A6F00C25882 /* WebViewViewController.swift */; };
		6D998DC32C712051000A7ADD /* SnakeCaseJSONDecoder.swift in Sources */ = {isa = PBXBuildFile; fileRef = 6D998DC22C712051000A7ADD /* SnakeCaseJSONDecoder.swift */; };
		6D998DC62C712276000A7ADD /* ProfileResult.swift in Sources */ = {isa = PBXBuildFile; fileRef = 6D998DC52C712276000A7ADD /* ProfileResult.swift */; };
		6D998DC82C712287000A7ADD /* Profile.swift in Sources */ = {isa = PBXBuildFile; fileRef = 6D998DC72C712287000A7ADD /* Profile.swift */; };
		6D998DCB2C714A44000A7ADD /* ProgressHUD in Frameworks */ = {isa = PBXBuildFile; productRef = 6D998DCA2C714A44000A7ADD /* ProgressHUD */; };
		6DA4048F2C19B85C0040991C /* Constants.swift in Sources */ = {isa = PBXBuildFile; fileRef = 6DA4048E2C19B85C0040991C /* Constants.swift */; };
		6DD1D6932C445BE3000DF258 /* WebViewViewControllerDelegate.swift in Sources */ = {isa = PBXBuildFile; fileRef = 6DD1D6922C445BE3000DF258 /* WebViewViewControllerDelegate.swift */; };
		6DD1D6952C44611C000DF258 /* OAuth2Service.swift in Sources */ = {isa = PBXBuildFile; fileRef = 6DD1D6942C44611C000DF258 /* OAuth2Service.swift */; };
		6DD1D69A2C44A3B7000DF258 /* URLSession+data.swift in Sources */ = {isa = PBXBuildFile; fileRef = 6DD1D6992C44A3B7000DF258 /* URLSession+data.swift */; };
		6DD1D69D2C44AB40000DF258 /* OAuth2TokenStorage.swift in Sources */ = {isa = PBXBuildFile; fileRef = 6DD1D69C2C44AB40000DF258 /* OAuth2TokenStorage.swift */; };
		6DD1D69F2C44ABF6000DF258 /* OAuthTokenResponseBodyModel.swift in Sources */ = {isa = PBXBuildFile; fileRef = 6DD1D69E2C44ABF6000DF258 /* OAuthTokenResponseBodyModel.swift */; };
		6DD735652C6FED7D00533809 /* UIBlockingProgressHUD.swift in Sources */ = {isa = PBXBuildFile; fileRef = 6DD735642C6FED7D00533809 /* UIBlockingProgressHUD.swift */; };
		6DD735672C6FF14B00533809 /* ProfileService.swift in Sources */ = {isa = PBXBuildFile; fileRef = 6DD735662C6FF14B00533809 /* ProfileService.swift */; };
		6DDC5BA22BEA9F70009B22AB /* ImagesListCell.swift in Sources */ = {isa = PBXBuildFile; fileRef = 6DDC5BA12BEA9F70009B22AB /* ImagesListCell.swift */; };
/* End PBXBuildFile section */

/* Begin PBXFileReference section */
		6D4F662D2C0A883700FD242F /* SingleImageViewController.swift */ = {isa = PBXFileReference; lastKnownFileType = sourcecode.swift; path = SingleImageViewController.swift; sourceTree = "<group>"; };
		6D53A4522BFD14930070336D /* ProfileViewController.swift */ = {isa = PBXFileReference; lastKnownFileType = sourcecode.swift; path = ProfileViewController.swift; sourceTree = "<group>"; };
		6D5EFAA72C46EB7000B056F2 /* SplashViewController.swift */ = {isa = PBXFileReference; lastKnownFileType = sourcecode.swift; path = SplashViewController.swift; sourceTree = "<group>"; };
		6D66CA172BE4051C003F054E /* ImageFeed.app */ = {isa = PBXFileReference; explicitFileType = wrapper.application; includeInIndex = 0; path = ImageFeed.app; sourceTree = BUILT_PRODUCTS_DIR; };
		6D66CA1A2BE4051C003F054E /* AppDelegate.swift */ = {isa = PBXFileReference; lastKnownFileType = sourcecode.swift; path = AppDelegate.swift; sourceTree = "<group>"; };
		6D66CA1C2BE4051C003F054E /* SceneDelegate.swift */ = {isa = PBXFileReference; lastKnownFileType = sourcecode.swift; path = SceneDelegate.swift; sourceTree = "<group>"; };
		6D66CA1E2BE4051C003F054E /* ImagesListViewController.swift */ = {isa = PBXFileReference; lastKnownFileType = sourcecode.swift; path = ImagesListViewController.swift; sourceTree = "<group>"; };
		6D66CA212BE4051C003F054E /* Base */ = {isa = PBXFileReference; lastKnownFileType = file.storyboard; name = Base; path = Base.lproj/Main.storyboard; sourceTree = "<group>"; };
		6D66CA232BE4051E003F054E /* Assets.xcassets */ = {isa = PBXFileReference; lastKnownFileType = folder.assetcatalog; path = Assets.xcassets; sourceTree = "<group>"; };
		6D66CA262BE4051E003F054E /* Base */ = {isa = PBXFileReference; lastKnownFileType = file.storyboard; name = Base; path = Base.lproj/LaunchScreen.storyboard; sourceTree = "<group>"; };
		6D66CA282BE4051E003F054E /* Info.plist */ = {isa = PBXFileReference; lastKnownFileType = text.plist.xml; path = Info.plist; sourceTree = "<group>"; };
		6D8467192C371B3C00C25882 /* AuthViewController.swift */ = {isa = PBXFileReference; lastKnownFileType = sourcecode.swift; path = AuthViewController.swift; sourceTree = "<group>"; };
		6D84671B2C372A6F00C25882 /* WebViewViewController.swift */ = {isa = PBXFileReference; lastKnownFileType = sourcecode.swift; path = WebViewViewController.swift; sourceTree = "<group>"; };
		6D998DC22C712051000A7ADD /* SnakeCaseJSONDecoder.swift */ = {isa = PBXFileReference; lastKnownFileType = sourcecode.swift; path = SnakeCaseJSONDecoder.swift; sourceTree = "<group>"; };
		6D998DC52C712276000A7ADD /* ProfileResult.swift */ = {isa = PBXFileReference; lastKnownFileType = sourcecode.swift; path = ProfileResult.swift; sourceTree = "<group>"; };
		6D998DC72C712287000A7ADD /* Profile.swift */ = {isa = PBXFileReference; lastKnownFileType = sourcecode.swift; path = Profile.swift; sourceTree = "<group>"; };
		6DA4048E2C19B85C0040991C /* Constants.swift */ = {isa = PBXFileReference; lastKnownFileType = sourcecode.swift; path = Constants.swift; sourceTree = "<group>"; };
		6DD1D6922C445BE3000DF258 /* WebViewViewControllerDelegate.swift */ = {isa = PBXFileReference; lastKnownFileType = sourcecode.swift; path = WebViewViewControllerDelegate.swift; sourceTree = "<group>"; };
		6DD1D6942C44611C000DF258 /* OAuth2Service.swift */ = {isa = PBXFileReference; lastKnownFileType = sourcecode.swift; path = OAuth2Service.swift; sourceTree = "<group>"; };
		6DD1D6992C44A3B7000DF258 /* URLSession+data.swift */ = {isa = PBXFileReference; lastKnownFileType = sourcecode.swift; path = "URLSession+data.swift"; sourceTree = "<group>"; };
		6DD1D69C2C44AB40000DF258 /* OAuth2TokenStorage.swift */ = {isa = PBXFileReference; lastKnownFileType = sourcecode.swift; path = OAuth2TokenStorage.swift; sourceTree = "<group>"; };
		6DD1D69E2C44ABF6000DF258 /* OAuthTokenResponseBodyModel.swift */ = {isa = PBXFileReference; lastKnownFileType = sourcecode.swift; path = OAuthTokenResponseBodyModel.swift; sourceTree = "<group>"; };
		6DD735642C6FED7D00533809 /* UIBlockingProgressHUD.swift */ = {isa = PBXFileReference; lastKnownFileType = sourcecode.swift; path = UIBlockingProgressHUD.swift; sourceTree = "<group>"; };
		6DD735662C6FF14B00533809 /* ProfileService.swift */ = {isa = PBXFileReference; lastKnownFileType = sourcecode.swift; path = ProfileService.swift; sourceTree = "<group>"; };
		6DDC5BA12BEA9F70009B22AB /* ImagesListCell.swift */ = {isa = PBXFileReference; lastKnownFileType = sourcecode.swift; path = ImagesListCell.swift; sourceTree = "<group>"; };
/* End PBXFileReference section */

/* Begin PBXFrameworksBuildPhase section */
		6D66CA142BE4051C003F054E /* Frameworks */ = {
			isa = PBXFrameworksBuildPhase;
			buildActionMask = 2147483647;
			files = (
				6D998DCB2C714A44000A7ADD /* ProgressHUD in Frameworks */,
			);
			runOnlyForDeploymentPostprocessing = 0;
		};
/* End PBXFrameworksBuildPhase section */

/* Begin PBXGroup section */
		6D4F662C2C0A87FE00FD242F /* SingleImage */ = {
			isa = PBXGroup;
			children = (
				6D4F662D2C0A883700FD242F /* SingleImageViewController.swift */,
			);
			path = SingleImage;
			sourceTree = "<group>";
		};
		6D53A4542BFD31290070336D /* Profile */ = {
			isa = PBXGroup;
			children = (
				6D998DC42C7121F7000A7ADD /* Models */,
				6D53A4522BFD14930070336D /* ProfileViewController.swift */,
				6DD735662C6FF14B00533809 /* ProfileService.swift */,
			);
			path = Profile;
			sourceTree = "<group>";
		};
		6D5EFAA62C46EB4D00B056F2 /* SplashScreen */ = {
			isa = PBXGroup;
			children = (
				6D5EFAA72C46EB7000B056F2 /* SplashViewController.swift */,
			);
			path = SplashScreen;
			sourceTree = "<group>";
		};
		6D66CA0E2BE4051C003F054E = {
			isa = PBXGroup;
			children = (
				6D66CA192BE4051C003F054E /* ImageFeed */,
				6D66CA182BE4051C003F054E /* Products */,
			);
			sourceTree = "<group>";
		};
		6D66CA182BE4051C003F054E /* Products */ = {
			isa = PBXGroup;
			children = (
				6D66CA172BE4051C003F054E /* ImageFeed.app */,
			);
			name = Products;
			sourceTree = "<group>";
		};
		6D66CA192BE4051C003F054E /* ImageFeed */ = {
			isa = PBXGroup;
			children = (
				6D66CA1A2BE4051C003F054E /* AppDelegate.swift */,
				6D66CA1C2BE4051C003F054E /* SceneDelegate.swift */,
				6DA4048E2C19B85C0040991C /* Constants.swift */,
				6D5EFAA62C46EB4D00B056F2 /* SplashScreen */,
				6D8467182C371B0C00C25882 /* Auth */,
				6D53A4542BFD31290070336D /* Profile */,
				6DDC5BA02BEA9F4A009B22AB /* ImagesList */,
				6D4F662C2C0A87FE00FD242F /* SingleImage */,
				6DDC5B762BEA911F009B22AB /* Presentation */,
				6D998DC12C712002000A7ADD /* Helpers */,
				6DDC5B752BEA90E8009B22AB /* Resources */,
				6DD735642C6FED7D00533809 /* UIBlockingProgressHUD.swift */,
			);
			path = ImageFeed;
			sourceTree = "<group>";
		};
		6D8467182C371B0C00C25882 /* Auth */ = {
			isa = PBXGroup;
			children = (
				6DD1D6942C44611C000DF258 /* OAuth2Service.swift */,
				6D8467192C371B3C00C25882 /* AuthViewController.swift */,
				6DD1D69C2C44AB40000DF258 /* OAuth2TokenStorage.swift */,
				6DD1D69E2C44ABF6000DF258 /* OAuthTokenResponseBodyModel.swift */,
				6D84671B2C372A6F00C25882 /* WebViewViewController.swift */,
				6DD1D6922C445BE3000DF258 /* WebViewViewControllerDelegate.swift */,
				6DD1D6992C44A3B7000DF258 /* URLSession+data.swift */,
			);
			path = Auth;
			sourceTree = "<group>";
		};
		6D998DC12C712002000A7ADD /* Helpers */ = {
			isa = PBXGroup;
			children = (
				6D998DC22C712051000A7ADD /* SnakeCaseJSONDecoder.swift */,
			);
			path = Helpers;
			sourceTree = "<group>";
		};
		6D998DC42C7121F7000A7ADD /* Models */ = {
			isa = PBXGroup;
			children = (
				6D998DC52C712276000A7ADD /* ProfileResult.swift */,
				6D998DC72C712287000A7ADD /* Profile.swift */,
			);
			path = Models;
			sourceTree = "<group>";
		};
		6DDC5B752BEA90E8009B22AB /* Resources */ = {
			isa = PBXGroup;
			children = (
				6D66CA252BE4051E003F054E /* LaunchScreen.storyboard */,
				6D66CA232BE4051E003F054E /* Assets.xcassets */,
				6D66CA282BE4051E003F054E /* Info.plist */,
			);
			path = Resources;
			sourceTree = "<group>";
		};
		6DDC5B762BEA911F009B22AB /* Presentation */ = {
			isa = PBXGroup;
			children = (
				6D66CA202BE4051C003F054E /* Main.storyboard */,
			);
			path = Presentation;
			sourceTree = "<group>";
		};
		6DDC5BA02BEA9F4A009B22AB /* ImagesList */ = {
			isa = PBXGroup;
			children = (
				6DDC5BA12BEA9F70009B22AB /* ImagesListCell.swift */,
				6D66CA1E2BE4051C003F054E /* ImagesListViewController.swift */,
			);
			path = ImagesList;
			sourceTree = "<group>";
		};
/* End PBXGroup section */

/* Begin PBXNativeTarget section */
		6D66CA162BE4051C003F054E /* ImageFeed */ = {
			isa = PBXNativeTarget;
			buildConfigurationList = 6D66CA2B2BE4051E003F054E /* Build configuration list for PBXNativeTarget "ImageFeed" */;
			buildPhases = (
				6D66CA132BE4051C003F054E /* Sources */,
				6D66CA142BE4051C003F054E /* Frameworks */,
				6D66CA152BE4051C003F054E /* Resources */,
			);
			buildRules = (
			);
			dependencies = (
			);
			name = ImageFeed;
			packageProductDependencies = (
				6D998DCA2C714A44000A7ADD /* ProgressHUD */,
			);
			productName = ImageFeed;
			productReference = 6D66CA172BE4051C003F054E /* ImageFeed.app */;
			productType = "com.apple.product-type.application";
		};
/* End PBXNativeTarget section */

/* Begin PBXProject section */
		6D66CA0F2BE4051C003F054E /* Project object */ = {
			isa = PBXProject;
			attributes = {
				BuildIndependentTargetsInParallel = 1;
				LastSwiftUpdateCheck = 1520;
				LastUpgradeCheck = 1520;
				TargetAttributes = {
					6D66CA162BE4051C003F054E = {
						CreatedOnToolsVersion = 15.2;
					};
				};
			};
			buildConfigurationList = 6D66CA122BE4051C003F054E /* Build configuration list for PBXProject "ImageFeed" */;
			compatibilityVersion = "Xcode 14.0";
			developmentRegion = en;
			hasScannedForEncodings = 0;
			knownRegions = (
				en,
				Base,
			);
			mainGroup = 6D66CA0E2BE4051C003F054E;
			packageReferences = (
				6D998DC92C714A44000A7ADD /* XCRemoteSwiftPackageReference "ProgressHUD" */,
			);
			productRefGroup = 6D66CA182BE4051C003F054E /* Products */;
			projectDirPath = "";
			projectRoot = "";
			targets = (
				6D66CA162BE4051C003F054E /* ImageFeed */,
			);
		};
/* End PBXProject section */

/* Begin PBXResourcesBuildPhase section */
		6D66CA152BE4051C003F054E /* Resources */ = {
			isa = PBXResourcesBuildPhase;
			buildActionMask = 2147483647;
			files = (
				6D66CA272BE4051E003F054E /* LaunchScreen.storyboard in Resources */,
				6D66CA242BE4051E003F054E /* Assets.xcassets in Resources */,
				6D66CA222BE4051C003F054E /* Main.storyboard in Resources */,
			);
			runOnlyForDeploymentPostprocessing = 0;
		};
/* End PBXResourcesBuildPhase section */

/* Begin PBXSourcesBuildPhase section */
		6D66CA132BE4051C003F054E /* Sources */ = {
			isa = PBXSourcesBuildPhase;
			buildActionMask = 2147483647;
			files = (
				6D66CA1F2BE4051C003F054E /* ImagesListViewController.swift in Sources */,
				6D998DC82C712287000A7ADD /* Profile.swift in Sources */,
				6DD1D69A2C44A3B7000DF258 /* URLSession+data.swift in Sources */,
				6D998DC62C712276000A7ADD /* ProfileResult.swift in Sources */,
				6DD1D6932C445BE3000DF258 /* WebViewViewControllerDelegate.swift in Sources */,
				6DD735652C6FED7D00533809 /* UIBlockingProgressHUD.swift in Sources */,
				6DDC5BA22BEA9F70009B22AB /* ImagesListCell.swift in Sources */,
				6D53A4532BFD14930070336D /* ProfileViewController.swift in Sources */,
				6DD1D6952C44611C000DF258 /* OAuth2Service.swift in Sources */,
				6DD735672C6FF14B00533809 /* ProfileService.swift in Sources */,
				6D66CA1B2BE4051C003F054E /* AppDelegate.swift in Sources */,
				6D84671A2C371B3C00C25882 /* AuthViewController.swift in Sources */,
				6DA4048F2C19B85C0040991C /* Constants.swift in Sources */,
				6D998DC32C712051000A7ADD /* SnakeCaseJSONDecoder.swift in Sources */,
				6D5EFAA82C46EB7000B056F2 /* SplashViewController.swift in Sources */,
				6D4F662E2C0A883700FD242F /* SingleImageViewController.swift in Sources */,
				6D84671C2C372A6F00C25882 /* WebViewViewController.swift in Sources */,
				6DD1D69D2C44AB40000DF258 /* OAuth2TokenStorage.swift in Sources */,
				6DD1D69F2C44ABF6000DF258 /* OAuthTokenResponseBodyModel.swift in Sources */,
				6D66CA1D2BE4051C003F054E /* SceneDelegate.swift in Sources */,
			);
			runOnlyForDeploymentPostprocessing = 0;
		};
/* End PBXSourcesBuildPhase section */

/* Begin PBXVariantGroup section */
		6D66CA202BE4051C003F054E /* Main.storyboard */ = {
			isa = PBXVariantGroup;
			children = (
				6D66CA212BE4051C003F054E /* Base */,
			);
			name = Main.storyboard;
			sourceTree = "<group>";
		};
		6D66CA252BE4051E003F054E /* LaunchScreen.storyboard */ = {
			isa = PBXVariantGroup;
			children = (
				6D66CA262BE4051E003F054E /* Base */,
			);
			name = LaunchScreen.storyboard;
			sourceTree = "<group>";
		};
/* End PBXVariantGroup section */

/* Begin XCBuildConfiguration section */
		6D66CA292BE4051E003F054E /* Debug */ = {
			isa = XCBuildConfiguration;
			buildSettings = {
				ALWAYS_SEARCH_USER_PATHS = NO;
				ASSETCATALOG_COMPILER_GENERATE_SWIFT_ASSET_SYMBOL_EXTENSIONS = YES;
				CLANG_ANALYZER_NONNULL = YES;
				CLANG_ANALYZER_NUMBER_OBJECT_CONVERSION = YES_AGGRESSIVE;
				CLANG_CXX_LANGUAGE_STANDARD = "gnu++20";
				CLANG_ENABLE_MODULES = YES;
				CLANG_ENABLE_OBJC_ARC = YES;
				CLANG_ENABLE_OBJC_WEAK = YES;
				CLANG_WARN_BLOCK_CAPTURE_AUTORELEASING = YES;
				CLANG_WARN_BOOL_CONVERSION = YES;
				CLANG_WARN_COMMA = YES;
				CLANG_WARN_CONSTANT_CONVERSION = YES;
				CLANG_WARN_DEPRECATED_OBJC_IMPLEMENTATIONS = YES;
				CLANG_WARN_DIRECT_OBJC_ISA_USAGE = YES_ERROR;
				CLANG_WARN_DOCUMENTATION_COMMENTS = YES;
				CLANG_WARN_EMPTY_BODY = YES;
				CLANG_WARN_ENUM_CONVERSION = YES;
				CLANG_WARN_INFINITE_RECURSION = YES;
				CLANG_WARN_INT_CONVERSION = YES;
				CLANG_WARN_NON_LITERAL_NULL_CONVERSION = YES;
				CLANG_WARN_OBJC_IMPLICIT_RETAIN_SELF = YES;
				CLANG_WARN_OBJC_LITERAL_CONVERSION = YES;
				CLANG_WARN_OBJC_ROOT_CLASS = YES_ERROR;
				CLANG_WARN_QUOTED_INCLUDE_IN_FRAMEWORK_HEADER = YES;
				CLANG_WARN_RANGE_LOOP_ANALYSIS = YES;
				CLANG_WARN_STRICT_PROTOTYPES = YES;
				CLANG_WARN_SUSPICIOUS_MOVE = YES;
				CLANG_WARN_UNGUARDED_AVAILABILITY = YES_AGGRESSIVE;
				CLANG_WARN_UNREACHABLE_CODE = YES;
				CLANG_WARN__DUPLICATE_METHOD_MATCH = YES;
				COPY_PHASE_STRIP = NO;
				DEBUG_INFORMATION_FORMAT = dwarf;
				ENABLE_STRICT_OBJC_MSGSEND = YES;
				ENABLE_TESTABILITY = YES;
				ENABLE_USER_SCRIPT_SANDBOXING = YES;
				GCC_C_LANGUAGE_STANDARD = gnu17;
				GCC_DYNAMIC_NO_PIC = NO;
				GCC_NO_COMMON_BLOCKS = YES;
				GCC_OPTIMIZATION_LEVEL = 0;
				GCC_PREPROCESSOR_DEFINITIONS = (
					"DEBUG=1",
					"$(inherited)",
				);
				GCC_WARN_64_TO_32_BIT_CONVERSION = YES;
				GCC_WARN_ABOUT_RETURN_TYPE = YES_ERROR;
				GCC_WARN_UNDECLARED_SELECTOR = YES;
				GCC_WARN_UNINITIALIZED_AUTOS = YES_AGGRESSIVE;
				GCC_WARN_UNUSED_FUNCTION = YES;
				GCC_WARN_UNUSED_VARIABLE = YES;
				IPHONEOS_DEPLOYMENT_TARGET = 13.0;
				LOCALIZATION_PREFERS_STRING_CATALOGS = YES;
				MTL_ENABLE_DEBUG_INFO = INCLUDE_SOURCE;
				MTL_FAST_MATH = YES;
				ONLY_ACTIVE_ARCH = YES;
				SDKROOT = iphoneos;
				SWIFT_ACTIVE_COMPILATION_CONDITIONS = "DEBUG $(inherited)";
				SWIFT_OPTIMIZATION_LEVEL = "-Onone";
			};
			name = Debug;
		};
		6D66CA2A2BE4051E003F054E /* Release */ = {
			isa = XCBuildConfiguration;
			buildSettings = {
				ALWAYS_SEARCH_USER_PATHS = NO;
				ASSETCATALOG_COMPILER_GENERATE_SWIFT_ASSET_SYMBOL_EXTENSIONS = YES;
				CLANG_ANALYZER_NONNULL = YES;
				CLANG_ANALYZER_NUMBER_OBJECT_CONVERSION = YES_AGGRESSIVE;
				CLANG_CXX_LANGUAGE_STANDARD = "gnu++20";
				CLANG_ENABLE_MODULES = YES;
				CLANG_ENABLE_OBJC_ARC = YES;
				CLANG_ENABLE_OBJC_WEAK = YES;
				CLANG_WARN_BLOCK_CAPTURE_AUTORELEASING = YES;
				CLANG_WARN_BOOL_CONVERSION = YES;
				CLANG_WARN_COMMA = YES;
				CLANG_WARN_CONSTANT_CONVERSION = YES;
				CLANG_WARN_DEPRECATED_OBJC_IMPLEMENTATIONS = YES;
				CLANG_WARN_DIRECT_OBJC_ISA_USAGE = YES_ERROR;
				CLANG_WARN_DOCUMENTATION_COMMENTS = YES;
				CLANG_WARN_EMPTY_BODY = YES;
				CLANG_WARN_ENUM_CONVERSION = YES;
				CLANG_WARN_INFINITE_RECURSION = YES;
				CLANG_WARN_INT_CONVERSION = YES;
				CLANG_WARN_NON_LITERAL_NULL_CONVERSION = YES;
				CLANG_WARN_OBJC_IMPLICIT_RETAIN_SELF = YES;
				CLANG_WARN_OBJC_LITERAL_CONVERSION = YES;
				CLANG_WARN_OBJC_ROOT_CLASS = YES_ERROR;
				CLANG_WARN_QUOTED_INCLUDE_IN_FRAMEWORK_HEADER = YES;
				CLANG_WARN_RANGE_LOOP_ANALYSIS = YES;
				CLANG_WARN_STRICT_PROTOTYPES = YES;
				CLANG_WARN_SUSPICIOUS_MOVE = YES;
				CLANG_WARN_UNGUARDED_AVAILABILITY = YES_AGGRESSIVE;
				CLANG_WARN_UNREACHABLE_CODE = YES;
				CLANG_WARN__DUPLICATE_METHOD_MATCH = YES;
				COPY_PHASE_STRIP = NO;
				DEBUG_INFORMATION_FORMAT = "dwarf-with-dsym";
				ENABLE_NS_ASSERTIONS = NO;
				ENABLE_STRICT_OBJC_MSGSEND = YES;
				ENABLE_USER_SCRIPT_SANDBOXING = YES;
				GCC_C_LANGUAGE_STANDARD = gnu17;
				GCC_NO_COMMON_BLOCKS = YES;
				GCC_WARN_64_TO_32_BIT_CONVERSION = YES;
				GCC_WARN_ABOUT_RETURN_TYPE = YES_ERROR;
				GCC_WARN_UNDECLARED_SELECTOR = YES;
				GCC_WARN_UNINITIALIZED_AUTOS = YES_AGGRESSIVE;
				GCC_WARN_UNUSED_FUNCTION = YES;
				GCC_WARN_UNUSED_VARIABLE = YES;
				IPHONEOS_DEPLOYMENT_TARGET = 13.0;
				LOCALIZATION_PREFERS_STRING_CATALOGS = YES;
				MTL_ENABLE_DEBUG_INFO = NO;
				MTL_FAST_MATH = YES;
				SDKROOT = iphoneos;
				SWIFT_COMPILATION_MODE = wholemodule;
				VALIDATE_PRODUCT = YES;
			};
			name = Release;
		};
		6D66CA2C2BE4051E003F054E /* Debug */ = {
			isa = XCBuildConfiguration;
			buildSettings = {
				ASSETCATALOG_COMPILER_APPICON_NAME = AppIcon;
				ASSETCATALOG_COMPILER_GLOBAL_ACCENT_COLOR_NAME = AccentColor;
				CODE_SIGN_STYLE = Automatic;
				CURRENT_PROJECT_VERSION = 1;
				DEVELOPMENT_TEAM = WZ673AS6D2;
				GENERATE_INFOPLIST_FILE = YES;
				INFOPLIST_FILE = ImageFeed/Resources/Info.plist;
				INFOPLIST_KEY_UILaunchStoryboardName = LaunchScreen;
				INFOPLIST_KEY_UIMainStoryboardFile = Main;
				INFOPLIST_KEY_UIStatusBarStyle = UIStatusBarStyleLightContent;
				INFOPLIST_KEY_UISupportedInterfaceOrientations_iPhone = UIInterfaceOrientationPortrait;
				IPHONEOS_DEPLOYMENT_TARGET = 13.0;
				LD_RUNPATH_SEARCH_PATHS = (
					"$(inherited)",
					"@executable_path/Frameworks",
				);
				MARKETING_VERSION = 1.0;
				PRODUCT_BUNDLE_IDENTIFIER = ru.DarkRavenn.ImageFeed;
				PRODUCT_NAME = "$(TARGET_NAME)";
				SUPPORTED_PLATFORMS = "iphoneos iphonesimulator";
				SUPPORTS_MACCATALYST = NO;
				SUPPORTS_MAC_DESIGNED_FOR_IPHONE_IPAD = NO;
				SUPPORTS_XR_DESIGNED_FOR_IPHONE_IPAD = NO;
				SWIFT_EMIT_LOC_STRINGS = YES;
				SWIFT_VERSION = 5.0;
				TARGETED_DEVICE_FAMILY = 1;
			};
			name = Debug;
		};
		6D66CA2D2BE4051E003F054E /* Release */ = {
			isa = XCBuildConfiguration;
			buildSettings = {
				ASSETCATALOG_COMPILER_APPICON_NAME = AppIcon;
				ASSETCATALOG_COMPILER_GLOBAL_ACCENT_COLOR_NAME = AccentColor;
				CODE_SIGN_STYLE = Automatic;
				CURRENT_PROJECT_VERSION = 1;
				DEVELOPMENT_TEAM = WZ673AS6D2;
				GENERATE_INFOPLIST_FILE = YES;
				INFOPLIST_FILE = ImageFeed/Resources/Info.plist;
				INFOPLIST_KEY_UILaunchStoryboardName = LaunchScreen;
				INFOPLIST_KEY_UIMainStoryboardFile = Main;
				INFOPLIST_KEY_UIStatusBarStyle = UIStatusBarStyleLightContent;
				INFOPLIST_KEY_UISupportedInterfaceOrientations_iPhone = UIInterfaceOrientationPortrait;
				IPHONEOS_DEPLOYMENT_TARGET = 13.0;
				LD_RUNPATH_SEARCH_PATHS = (
					"$(inherited)",
					"@executable_path/Frameworks",
				);
				MARKETING_VERSION = 1.0;
				PRODUCT_BUNDLE_IDENTIFIER = ru.DarkRavenn.ImageFeed;
				PRODUCT_NAME = "$(TARGET_NAME)";
				SUPPORTED_PLATFORMS = "iphoneos iphonesimulator";
				SUPPORTS_MACCATALYST = NO;
				SUPPORTS_MAC_DESIGNED_FOR_IPHONE_IPAD = NO;
				SUPPORTS_XR_DESIGNED_FOR_IPHONE_IPAD = NO;
				SWIFT_EMIT_LOC_STRINGS = YES;
				SWIFT_VERSION = 5.0;
				TARGETED_DEVICE_FAMILY = 1;
			};
			name = Release;
		};
/* End XCBuildConfiguration section */

/* Begin XCConfigurationList section */
		6D66CA122BE4051C003F054E /* Build configuration list for PBXProject "ImageFeed" */ = {
			isa = XCConfigurationList;
			buildConfigurations = (
				6D66CA292BE4051E003F054E /* Debug */,
				6D66CA2A2BE4051E003F054E /* Release */,
			);
			defaultConfigurationIsVisible = 0;
			defaultConfigurationName = Release;
		};
		6D66CA2B2BE4051E003F054E /* Build configuration list for PBXNativeTarget "ImageFeed" */ = {
			isa = XCConfigurationList;
			buildConfigurations = (
				6D66CA2C2BE4051E003F054E /* Debug */,
				6D66CA2D2BE4051E003F054E /* Release */,
			);
			defaultConfigurationIsVisible = 0;
			defaultConfigurationName = Release;
		};
/* End XCConfigurationList section */

/* Begin XCRemoteSwiftPackageReference section */
		6D998DC92C714A44000A7ADD /* XCRemoteSwiftPackageReference "ProgressHUD" */ = {
			isa = XCRemoteSwiftPackageReference;
			repositoryURL = "https://github.com/relatedcode/ProgressHUD";
			requirement = {
				kind = upToNextMajorVersion;
				minimumVersion = 14.1.3;
			};
		};
/* End XCRemoteSwiftPackageReference section */

/* Begin XCSwiftPackageProductDependency section */
		6D998DCA2C714A44000A7ADD /* ProgressHUD */ = {
			isa = XCSwiftPackageProductDependency;
			package = 6D998DC92C714A44000A7ADD /* XCRemoteSwiftPackageReference "ProgressHUD" */;
			productName = ProgressHUD;
		};
/* End XCSwiftPackageProductDependency section */
	};
	rootObject = 6D66CA0F2BE4051C003F054E /* Project object */;
}
